
Microsoft Visual Studio Solution File, Format Version 12.00
# Visual Studio Version 16
VisualStudioVersion = 16.0.30804.86
MinimumVisualStudioVersion = 10.0.40219.1
Project("{FAE04EC0-301F-11D3-BF4B-00C04F79EFBC}") = "Top10Covid19Cases", "Top10Covid19Cases\Top10Covid19Cases.csproj", "{9216C4BD-8D93-4B6D-9A90-2A45A40730A7}"
EndProject
Global
	GlobalSection(SolutionConfigurationPlatforms) = preSolution
		Debug|Any CPU = Debug|Any CPU
		Release|Any CPU = Release|Any CPU
	EndGlobalSection
	GlobalSection(ProjectConfigurationPlatforms) = postSolution
		{9216C4BD-8D93-4B6D-9A90-2A45A40730A7}.Debug|Any CPU.ActiveCfg = Debug|Any CPU
		{9216C4BD-8D93-4B6D-9A90-2A45A40730A7}.Debug|Any CPU.Build.0 = Debug|Any CPU
		{9216C4BD-8D93-4B6D-9A90-2A45A40730A7}.Release|Any CPU.ActiveCfg = Release|Any CPU
		{9216C4BD-8D93-4B6D-9A90-2A45A40730A7}.Release|Any CPU.Build.0 = Release|Any CPU
	EndGlobalSection
	GlobalSection(SolutionProperties) = preSolution
		HideSolutionNode = FALSE
	EndGlobalSection
	GlobalSection(ExtensibilityGlobals) = postSolution
		SolutionGuid = {E7F511D4-9FBC-452D-8A0B-58819888822C}
	EndGlobalSection
EndGlobal
